
Microsoft Visual Studio Solution File, Format Version 12.00
# Visual Studio Version 17
VisualStudioVersion = 17.9.34701.34
MinimumVisualStudioVersion = 10.0.40219.1
Project("{FAE04EC0-301F-11D3-BF4B-00C04F79EFBC}") = "phcra080webapp", "phcra080webapp\phcra080webapp.csproj", "{0FE9B8A3-DBC9-49AD-A9DF-34A1D6C9C146}"
EndProject
Global
	GlobalSection(SolutionConfigurationPlatforms) = preSolution
		Debug|Any CPU = Debug|Any CPU
		Release|Any CPU = Release|Any CPU
	EndGlobalSection
	GlobalSection(ProjectConfigurationPlatforms) = postSolution
		{0FE9B8A3-DBC9-49AD-A9DF-34A1D6C9C146}.Debug|Any CPU.ActiveCfg = Debug|Any CPU
		{0FE9B8A3-DBC9-49AD-A9DF-34A1D6C9C146}.Debug|Any CPU.Build.0 = Debug|Any CPU
		{0FE9B8A3-DBC9-49AD-A9DF-34A1D6C9C146}.Release|Any CPU.ActiveCfg = Release|Any CPU
		{0FE9B8A3-DBC9-49AD-A9DF-34A1D6C9C146}.Release|Any CPU.Build.0 = Release|Any CPU
	EndGlobalSection
	GlobalSection(SolutionProperties) = preSolution
		HideSolutionNode = FALSE
	EndGlobalSection
	GlobalSection(ExtensibilityGlobals) = postSolution
		SolutionGuid = {04208E0A-A17A-465A-8B0D-05B22FC1659D}
	EndGlobalSection
EndGlobal
